
Microsoft Visual Studio Solution File, Format Version 12.00
# Visual Studio Version 17
VisualStudioVersion = 17.1.32421.90
MinimumVisualStudioVersion = 10.0.40219.1
Project("{FAE04EC0-301F-11D3-BF4B-00C04F79EFBC}") = "DIO-Bootcamp-GFT-.NET-Desafios-5-Desafio4", "DIO-Bootcamp-GFT-.NET-Desafios-5-Desafio4\DIO-Bootcamp-GFT-.NET-Desafios-5-Desafio4.csproj", "{88ABA145-8F87-493A-90E2-F79A63473212}"
EndProject
Global
	GlobalSection(SolutionConfigurationPlatforms) = preSolution
		Debug|Any CPU = Debug|Any CPU
		Release|Any CPU = Release|Any CPU
	EndGlobalSection
	GlobalSection(ProjectConfigurationPlatforms) = postSolution
		{88ABA145-8F87-493A-90E2-F79A63473212}.Debug|Any CPU.ActiveCfg = Debug|Any CPU
		{88ABA145-8F87-493A-90E2-F79A63473212}.Debug|Any CPU.Build.0 = Debug|Any CPU
		{88ABA145-8F87-493A-90E2-F79A63473212}.Release|Any CPU.ActiveCfg = Release|Any CPU
		{88ABA145-8F87-493A-90E2-F79A63473212}.Release|Any CPU.Build.0 = Release|Any CPU
	EndGlobalSection
	GlobalSection(SolutionProperties) = preSolution
		HideSolutionNode = FALSE
	EndGlobalSection
	GlobalSection(ExtensibilityGlobals) = postSolution
		SolutionGuid = {865B4018-73F2-4185-BD9C-ADB17EC82B44}
	EndGlobalSection
EndGlobal
